
Microsoft Visual Studio Solution File, Format Version 12.00
# Visual Studio 15
VisualStudioVersion = 15.0.28307.329
MinimumVisualStudioVersion = 10.0.40219.1
Project("{FAE04EC0-301F-11D3-BF4B-00C04F79EFBC}") = "TicketServer", "TicketServer\TicketServer.csproj", "{29D0FC0B-3122-49AE-BAD2-5CB37AA3ABEF}"
EndProject
Global
	GlobalSection(SolutionConfigurationPlatforms) = preSolution
		Debug|Any CPU = Debug|Any CPU
		Release|Any CPU = Release|Any CPU
	EndGlobalSection
	GlobalSection(ProjectConfigurationPlatforms) = postSolution
		{29D0FC0B-3122-49AE-BAD2-5CB37AA3ABEF}.Debug|Any CPU.ActiveCfg = Debug|Any CPU
		{29D0FC0B-3122-49AE-BAD2-5CB37AA3ABEF}.Debug|Any CPU.Build.0 = Debug|Any CPU
		{29D0FC0B-3122-49AE-BAD2-5CB37AA3ABEF}.Release|Any CPU.ActiveCfg = Release|Any CPU
		{29D0FC0B-3122-49AE-BAD2-5CB37AA3ABEF}.Release|Any CPU.Build.0 = Release|Any CPU
	EndGlobalSection
	GlobalSection(SolutionProperties) = preSolution
		HideSolutionNode = FALSE
	EndGlobalSection
	GlobalSection(ExtensibilityGlobals) = postSolution
		SolutionGuid = {88A123B0-FCB2-4013-96D0-87F08DB1D386}
	EndGlobalSection
EndGlobal
